// !$*UTF8*$!
{
	archiveVersion = 1;
	classes = {
	};
	objectVersion = 50;
	objects = {

/* Begin PBXBuildFile section */
		84811F0924E3F08100E5438C /* ColorConstants.swift in Sources */ = {isa = PBXBuildFile; fileRef = 84811F0824E3F08100E5438C /* ColorConstants.swift */; };
		84811F0B24E3F83700E5438C /* HexagoanRounded.swift in Sources */ = {isa = PBXBuildFile; fileRef = 84811F0A24E3F83700E5438C /* HexagoanRounded.swift */; };
		84811F0D24E3F8FE00E5438C /* Data.swift in Sources */ = {isa = PBXBuildFile; fileRef = 84811F0C24E3F8FE00E5438C /* Data.swift */; };
		84811F0F24E3F91700E5438C /* Models.swift in Sources */ = {isa = PBXBuildFile; fileRef = 84811F0E24E3F91700E5438C /* Models.swift */; };
		84811F1124E4011F00E5438C /* DashboardView.swift in Sources */ = {isa = PBXBuildFile; fileRef = 84811F1024E4011F00E5438C /* DashboardView.swift */; };
		84811F1324E4013A00E5438C /* DashboardManager.swift in Sources */ = {isa = PBXBuildFile; fileRef = 84811F1224E4013A00E5438C /* DashboardManager.swift */; };
		84811F1524E4015800E5438C /* TopNavigationBar.swift in Sources */ = {isa = PBXBuildFile; fileRef = 84811F1424E4015800E5438C /* TopNavigationBar.swift */; };
		84811F1724E4076C00E5438C /* GraphBarView.swift in Sources */ = {isa = PBXBuildFile; fileRef = 84811F1624E4076C00E5438C /* GraphBarView.swift */; };
		84811F1924E4078200E5438C /* DataManager.swift in Sources */ = {isa = PBXBuildFile; fileRef = 84811F1824E4078200E5438C /* DataManager.swift */; };
		84811F1B24E40E1B00E5438C /* HeartRateSettingsView.swift in Sources */ = {isa = PBXBuildFile; fileRef = 84811F1A24E40E1B00E5438C /* HeartRateSettingsView.swift */; };
		84811F1D24E41BBD00E5438C /* HeartRateManager.swift in Sources */ = {isa = PBXBuildFile; fileRef = 84811F1C24E41BBD00E5438C /* HeartRateManager.swift */; };
		84F67C6024DEBE7A0070EA8E /* FitnessAppApp.swift in Sources */ = {isa = PBXBuildFile; fileRef = 84F67C5F24DEBE7A0070EA8E /* FitnessAppApp.swift */; };
		84F67C6224DEBE7A0070EA8E /* ContentView.swift in Sources */ = {isa = PBXBuildFile; fileRef = 84F67C6124DEBE7A0070EA8E /* ContentView.swift */; };
		84F67C6424DEBE7D0070EA8E /* Assets.xcassets in Resources */ = {isa = PBXBuildFile; fileRef = 84F67C6324DEBE7D0070EA8E /* Assets.xcassets */; };
		84F67C6724DEBE7D0070EA8E /* Preview Assets.xcassets in Resources */ = {isa = PBXBuildFile; fileRef = 84F67C6624DEBE7D0070EA8E /* Preview Assets.xcassets */; };
/* End PBXBuildFile section */

/* Begin PBXFileReference section */
		84811F0824E3F08100E5438C /* ColorConstants.swift */ = {isa = PBXFileReference; lastKnownFileType = sourcecode.swift; path = ColorConstants.swift; sourceTree = "<group>"; };
		84811F0A24E3F83700E5438C /* HexagoanRounded.swift */ = {isa = PBXFileReference; lastKnownFileType = sourcecode.swift; path = HexagoanRounded.swift; sourceTree = "<group>"; };
		84811F0C24E3F8FE00E5438C /* Data.swift */ = {isa = PBXFileReference; lastKnownFileType = sourcecode.swift; path = Data.swift; sourceTree = "<group>"; };
		84811F0E24E3F91700E5438C /* Models.swift */ = {isa = PBXFileReference; lastKnownFileType = sourcecode.swift; path = Models.swift; sourceTree = "<group>"; };
		84811F1024E4011F00E5438C /* DashboardView.swift */ = {isa = PBXFileReference; lastKnownFileType = sourcecode.swift; path = DashboardView.swift; sourceTree = "<group>"; };
		84811F1224E4013A00E5438C /* DashboardManager.swift */ = {isa = PBXFileReference; lastKnownFileType = sourcecode.swift; path = DashboardManager.swift; sourceTree = "<group>"; };
		84811F1424E4015800E5438C /* TopNavigationBar.swift */ = {isa = PBXFileReference; lastKnownFileType = sourcecode.swift; path = TopNavigationBar.swift; sourceTree = "<group>"; };
		84811F1624E4076C00E5438C /* GraphBarView.swift */ = {isa = PBXFileReference; lastKnownFileType = sourcecode.swift; path = GraphBarView.swift; sourceTree = "<group>"; };
		84811F1824E4078200E5438C /* DataManager.swift */ = {isa = PBXFileReference; lastKnownFileType = sourcecode.swift; path = DataManager.swift; sourceTree = "<group>"; };
		84811F1A24E40E1B00E5438C /* HeartRateSettingsView.swift */ = {isa = PBXFileReference; lastKnownFileType = sourcecode.swift; path = HeartRateSettingsView.swift; sourceTree = "<group>"; };
		84811F1C24E41BBD00E5438C /* HeartRateManager.swift */ = {isa = PBXFileReference; lastKnownFileType = sourcecode.swift; path = HeartRateManager.swift; sourceTree = "<group>"; };
		84F67C5C24DEBE7A0070EA8E /* FitnessApp.app */ = {isa = PBXFileReference; explicitFileType = wrapper.application; includeInIndex = 0; path = FitnessApp.app; sourceTree = BUILT_PRODUCTS_DIR; };
		84F67C5F24DEBE7A0070EA8E /* FitnessAppApp.swift */ = {isa = PBXFileReference; lastKnownFileType = sourcecode.swift; path = FitnessAppApp.swift; sourceTree = "<group>"; };
		84F67C6124DEBE7A0070EA8E /* ContentView.swift */ = {isa = PBXFileReference; lastKnownFileType = sourcecode.swift; path = ContentView.swift; sourceTree = "<group>"; };
		84F67C6324DEBE7D0070EA8E /* Assets.xcassets */ = {isa = PBXFileReference; lastKnownFileType = folder.assetcatalog; path = Assets.xcassets; sourceTree = "<group>"; };
		84F67C6624DEBE7D0070EA8E /* Preview Assets.xcassets */ = {isa = PBXFileReference; lastKnownFileType = folder.assetcatalog; path = "Preview Assets.xcassets"; sourceTree = "<group>"; };
		84F67C6824DEBE7D0070EA8E /* Info.plist */ = {isa = PBXFileReference; lastKnownFileType = text.plist.xml; path = Info.plist; sourceTree = "<group>"; };
/* End PBXFileReference section */

/* Begin PBXFrameworksBuildPhase section */
		84F67C5924DEBE7A0070EA8E /* Frameworks */ = {
			isa = PBXFrameworksBuildPhase;
			buildActionMask = 2147483647;
			files = (
			);
			runOnlyForDeploymentPostprocessing = 0;
		};
/* End PBXFrameworksBuildPhase section */

/* Begin PBXGroup section */
		84F67C5324DEBE7A0070EA8E = {
			isa = PBXGroup;
			children = (
				84F67C5E24DEBE7A0070EA8E /* FitnessApp */,
				84F67C5D24DEBE7A0070EA8E /* Products */,
			);
			sourceTree = "<group>";
		};
		84F67C5D24DEBE7A0070EA8E /* Products */ = {
			isa = PBXGroup;
			children = (
				84F67C5C24DEBE7A0070EA8E /* FitnessApp.app */,
			);
			name = Products;
			sourceTree = "<group>";
		};
		84F67C5E24DEBE7A0070EA8E /* FitnessApp */ = {
			isa = PBXGroup;
			children = (
				84F67C5F24DEBE7A0070EA8E /* FitnessAppApp.swift */,
				84F67C6124DEBE7A0070EA8E /* ContentView.swift */,
				84811F1A24E40E1B00E5438C /* HeartRateSettingsView.swift */,
				84811F1C24E41BBD00E5438C /* HeartRateManager.swift */,
				84811F1824E4078200E5438C /* DataManager.swift */,
				84811F1624E4076C00E5438C /* GraphBarView.swift */,
				84811F1424E4015800E5438C /* TopNavigationBar.swift */,
				84811F1224E4013A00E5438C /* DashboardManager.swift */,
				84811F1024E4011F00E5438C /* DashboardView.swift */,
				84811F0E24E3F91700E5438C /* Models.swift */,
				84811F0C24E3F8FE00E5438C /* Data.swift */,
				84811F0A24E3F83700E5438C /* HexagoanRounded.swift */,
				84811F0824E3F08100E5438C /* ColorConstants.swift */,
				84F67C6324DEBE7D0070EA8E /* Assets.xcassets */,
				84F67C6824DEBE7D0070EA8E /* Info.plist */,
				84F67C6524DEBE7D0070EA8E /* Preview Content */,
			);
			path = FitnessApp;
			sourceTree = "<group>";
		};
		84F67C6524DEBE7D0070EA8E /* Preview Content */ = {
			isa = PBXGroup;
			children = (
				84F67C6624DEBE7D0070EA8E /* Preview Assets.xcassets */,
			);
			path = "Preview Content";
			sourceTree = "<group>";
		};
/* End PBXGroup section */

/* Begin PBXNativeTarget section */
		84F67C5B24DEBE7A0070EA8E /* FitnessApp */ = {
			isa = PBXNativeTarget;
			buildConfigurationList = 84F67C6B24DEBE7D0070EA8E /* Build configuration list for PBXNativeTarget "FitnessApp" */;
			buildPhases = (
				84F67C5824DEBE7A0070EA8E /* Sources */,
				84F67C5924DEBE7A0070EA8E /* Frameworks */,
				84F67C5A24DEBE7A0070EA8E /* Resources */,
			);
			buildRules = (
			);
			dependencies = (
			);
			name = FitnessApp;
			productName = FitnessApp;
			productReference = 84F67C5C24DEBE7A0070EA8E /* FitnessApp.app */;
			productType = "com.apple.product-type.application";
		};
/* End PBXNativeTarget section */

/* Begin PBXProject section */
		84F67C5424DEBE7A0070EA8E /* Project object */ = {
			isa = PBXProject;
			attributes = {
				LastSwiftUpdateCheck = 1200;
				LastUpgradeCheck = 1200;
				TargetAttributes = {
					84F67C5B24DEBE7A0070EA8E = {
						CreatedOnToolsVersion = 12.0;
					};
				};
			};
			buildConfigurationList = 84F67C5724DEBE7A0070EA8E /* Build configuration list for PBXProject "FitnessApp" */;
			compatibilityVersion = "Xcode 9.3";
			developmentRegion = en;
			hasScannedForEncodings = 0;
			knownRegions = (
				en,
				Base,
			);
			mainGroup = 84F67C5324DEBE7A0070EA8E;
			productRefGroup = 84F67C5D24DEBE7A0070EA8E /* Products */;
			projectDirPath = "";
			projectRoot = "";
			targets = (
				84F67C5B24DEBE7A0070EA8E /* FitnessApp */,
			);
		};
/* End PBXProject section */

/* Begin PBXResourcesBuildPhase section */
		84F67C5A24DEBE7A0070EA8E /* Resources */ = {
			isa = PBXResourcesBuildPhase;
			buildActionMask = 2147483647;
			files = (
				84F67C6724DEBE7D0070EA8E /* Preview Assets.xcassets in Resources */,
				84F67C6424DEBE7D0070EA8E /* Assets.xcassets in Resources */,
			);
			runOnlyForDeploymentPostprocessing = 0;
		};
/* End PBXResourcesBuildPhase section */

/* Begin PBXSourcesBuildPhase section */
		84F67C5824DEBE7A0070EA8E /* Sources */ = {
			isa = PBXSourcesBuildPhase;
			buildActionMask = 2147483647;
			files = (
				84811F0B24E3F83700E5438C /* HexagoanRounded.swift in Sources */,
				84811F0D24E3F8FE00E5438C /* Data.swift in Sources */,
				84811F0924E3F08100E5438C /* ColorConstants.swift in Sources */,
				84811F1724E4076C00E5438C /* GraphBarView.swift in Sources */,
				84811F1D24E41BBD00E5438C /* HeartRateManager.swift in Sources */,
				84811F1124E4011F00E5438C /* DashboardView.swift in Sources */,
				84811F1524E4015800E5438C /* TopNavigationBar.swift in Sources */,
				84811F1B24E40E1B00E5438C /* HeartRateSettingsView.swift in Sources */,
				84811F1324E4013A00E5438C /* DashboardManager.swift in Sources */,
				84811F0F24E3F91700E5438C /* Models.swift in Sources */,
				84811F1924E4078200E5438C /* DataManager.swift in Sources */,
				84F67C6224DEBE7A0070EA8E /* ContentView.swift in Sources */,
				84F67C6024DEBE7A0070EA8E /* FitnessAppApp.swift in Sources */,
			);
			runOnlyForDeploymentPostprocessing = 0;
		};
/* End PBXSourcesBuildPhase section */

/* Begin XCBuildConfiguration section */
		84F67C6924DEBE7D0070EA8E /* Debug */ = {
			isa = XCBuildConfiguration;
			buildSettings = {
				ALWAYS_SEARCH_USER_PATHS = NO;
				CLANG_ANALYZER_NONNULL = YES;
				CLANG_ANALYZER_NUMBER_OBJECT_CONVERSION = YES_AGGRESSIVE;
				CLANG_CXX_LANGUAGE_STANDARD = "gnu++14";
				CLANG_CXX_LIBRARY = "libc++";
				CLANG_ENABLE_MODULES = YES;
				CLANG_ENABLE_OBJC_ARC = YES;
				CLANG_ENABLE_OBJC_WEAK = YES;
				CLANG_WARN_BLOCK_CAPTURE_AUTORELEASING = YES;
				CLANG_WARN_BOOL_CONVERSION = YES;
				CLANG_WARN_COMMA = YES;
				CLANG_WARN_CONSTANT_CONVERSION = YES;
				CLANG_WARN_DEPRECATED_OBJC_IMPLEMENTATIONS = YES;
				CLANG_WARN_DIRECT_OBJC_ISA_USAGE = YES_ERROR;
				CLANG_WARN_DOCUMENTATION_COMMENTS = YES;
				CLANG_WARN_EMPTY_BODY = YES;
				CLANG_WARN_ENUM_CONVERSION = YES;
				CLANG_WARN_INFINITE_RECURSION = YES;
				CLANG_WARN_INT_CONVERSION = YES;
				CLANG_WARN_NON_LITERAL_NULL_CONVERSION = YES;
				CLANG_WARN_OBJC_IMPLICIT_RETAIN_SELF = YES;
				CLANG_WARN_OBJC_LITERAL_CONVERSION = YES;
				CLANG_WARN_OBJC_ROOT_CLASS = YES_ERROR;
				CLANG_WARN_QUOTED_INCLUDE_IN_FRAMEWORK_HEADER = YES;
				CLANG_WARN_RANGE_LOOP_ANALYSIS = YES;
				CLANG_WARN_STRICT_PROTOTYPES = YES;
				CLANG_WARN_SUSPICIOUS_MOVE = YES;
				CLANG_WARN_UNGUARDED_AVAILABILITY = YES_AGGRESSIVE;
				CLANG_WARN_UNREACHABLE_CODE = YES;
				CLANG_WARN__DUPLICATE_METHOD_MATCH = YES;
				COPY_PHASE_STRIP = NO;
				DEBUG_INFORMATION_FORMAT = dwarf;
				ENABLE_STRICT_OBJC_MSGSEND = YES;
				ENABLE_TESTABILITY = YES;
				GCC_C_LANGUAGE_STANDARD = gnu11;
				GCC_DYNAMIC_NO_PIC = NO;
				GCC_NO_COMMON_BLOCKS = YES;
				GCC_OPTIMIZATION_LEVEL = 0;
				GCC_PREPROCESSOR_DEFINITIONS = (
					"DEBUG=1",
					"$(inherited)",
				);
				GCC_WARN_64_TO_32_BIT_CONVERSION = YES;
				GCC_WARN_ABOUT_RETURN_TYPE = YES_ERROR;
				GCC_WARN_UNDECLARED_SELECTOR = YES;
				GCC_WARN_UNINITIALIZED_AUTOS = YES_AGGRESSIVE;
				GCC_WARN_UNUSED_FUNCTION = YES;
				GCC_WARN_UNUSED_VARIABLE = YES;
				IPHONEOS_DEPLOYMENT_TARGET = 14.0;
				MTL_ENABLE_DEBUG_INFO = INCLUDE_SOURCE;
				MTL_FAST_MATH = YES;
				ONLY_ACTIVE_ARCH = YES;
				SDKROOT = iphoneos;
				SWIFT_ACTIVE_COMPILATION_CONDITIONS = DEBUG;
				SWIFT_OPTIMIZATION_LEVEL = "-Onone";
			};
			name = Debug;
		};
		84F67C6A24DEBE7D0070EA8E /* Release */ = {
			isa = XCBuildConfiguration;
			buildSettings = {
				ALWAYS_SEARCH_USER_PATHS = NO;
				CLANG_ANALYZER_NONNULL = YES;
				CLANG_ANALYZER_NUMBER_OBJECT_CONVERSION = YES_AGGRESSIVE;
				CLANG_CXX_LANGUAGE_STANDARD = "gnu++14";
				CLANG_CXX_LIBRARY = "libc++";
				CLANG_ENABLE_MODULES = YES;
				CLANG_ENABLE_OBJC_ARC = YES;
				CLANG_ENABLE_OBJC_WEAK = YES;
				CLANG_WARN_BLOCK_CAPTURE_AUTORELEASING = YES;
				CLANG_WARN_BOOL_CONVERSION = YES;
				CLANG_WARN_COMMA = YES;
				CLANG_WARN_CONSTANT_CONVERSION = YES;
				CLANG_WARN_DEPRECATED_OBJC_IMPLEMENTATIONS = YES;
				CLANG_WARN_DIRECT_OBJC_ISA_USAGE = YES_ERROR;
				CLANG_WARN_DOCUMENTATION_COMMENTS = YES;
				CLANG_WARN_EMPTY_BODY = YES;
				CLANG_WARN_ENUM_CONVERSION = YES;
				CLANG_WARN_INFINITE_RECURSION = YES;
				CLANG_WARN_INT_CONVERSION = YES;
				CLANG_WARN_NON_LITERAL_NULL_CONVERSION = YES;
				CLANG_WARN_OBJC_IMPLICIT_RETAIN_SELF = YES;
				CLANG_WARN_OBJC_LITERAL_CONVERSION = YES;
				CLANG_WARN_OBJC_ROOT_CLASS = YES_ERROR;
				CLANG_WARN_QUOTED_INCLUDE_IN_FRAMEWORK_HEADER = YES;
				CLANG_WARN_RANGE_LOOP_ANALYSIS = YES;
				CLANG_WARN_STRICT_PROTOTYPES = YES;
				CLANG_WARN_SUSPICIOUS_MOVE = YES;
				CLANG_WARN_UNGUARDED_AVAILABILITY = YES_AGGRESSIVE;
				CLANG_WARN_UNREACHABLE_CODE = YES;
				CLANG_WARN__DUPLICATE_METHOD_MATCH = YES;
				COPY_PHASE_STRIP = NO;
				DEBUG_INFORMATION_FORMAT = "dwarf-with-dsym";
				ENABLE_NS_ASSERTIONS = NO;
				ENABLE_STRICT_OBJC_MSGSEND = YES;
				GCC_C_LANGUAGE_STANDARD = gnu11;
				GCC_NO_COMMON_BLOCKS = YES;
				GCC_WARN_64_TO_32_BIT_CONVERSION = YES;
				GCC_WARN_ABOUT_RETURN_TYPE = YES_ERROR;
				GCC_WARN_UNDECLARED_SELECTOR = YES;
				GCC_WARN_UNINITIALIZED_AUTOS = YES_AGGRESSIVE;
				GCC_WARN_UNUSED_FUNCTION = YES;
				GCC_WARN_UNUSED_VARIABLE = YES;
				IPHONEOS_DEPLOYMENT_TARGET = 14.0;
				MTL_ENABLE_DEBUG_INFO = NO;
				MTL_FAST_MATH = YES;
				SDKROOT = iphoneos;
				SWIFT_COMPILATION_MODE = wholemodule;
				SWIFT_OPTIMIZATION_LEVEL = "-O";
				VALIDATE_PRODUCT = YES;
			};
			name = Release;
		};
		84F67C6C24DEBE7D0070EA8E /* Debug */ = {
			isa = XCBuildConfiguration;
			buildSettings = {
				ASSETCATALOG_COMPILER_APPICON_NAME = AppIcon;
				ASSETCATALOG_COMPILER_GLOBAL_ACCENT_COLOR_NAME = AccentColor;
				CODE_SIGN_STYLE = Automatic;
				DEVELOPMENT_ASSET_PATHS = "\"FitnessApp/Preview Content\"";
				DEVELOPMENT_TEAM = 3EYUW49QFV;
				ENABLE_PREVIEWS = YES;
				INFOPLIST_FILE = FitnessApp/Info.plist;
				IPHONEOS_DEPLOYMENT_TARGET = 14.0;
				LD_RUNPATH_SEARCH_PATHS = (
					"$(inherited)",
					"@executable_path/Frameworks",
				);
				PRODUCT_BUNDLE_IDENTIFIER = com.a7studio.FitnessApp;
				PRODUCT_NAME = "$(TARGET_NAME)";
				SWIFT_VERSION = 5.0;
				TARGETED_DEVICE_FAMILY = "1,2";
			};
			name = Debug;
		};
		84F67C6D24DEBE7D0070EA8E /* Release */ = {
			isa = XCBuildConfiguration;
			buildSettings = {
				ASSETCATALOG_COMPILER_APPICON_NAME = AppIcon;
				ASSETCATALOG_COMPILER_GLOBAL_ACCENT_COLOR_NAME = AccentColor;
				CODE_SIGN_STYLE = Automatic;
				DEVELOPMENT_ASSET_PATHS = "\"FitnessApp/Preview Content\"";
				DEVELOPMENT_TEAM = 3EYUW49QFV;
				ENABLE_PREVIEWS = YES;
				INFOPLIST_FILE = FitnessApp/Info.plist;
				IPHONEOS_DEPLOYMENT_TARGET = 14.0;
				LD_RUNPATH_SEARCH_PATHS = (
					"$(inherited)",
					"@executable_path/Frameworks",
				);
				PRODUCT_BUNDLE_IDENTIFIER = com.a7studio.FitnessApp;
				PRODUCT_NAME = "$(TARGET_NAME)";
				SWIFT_VERSION = 5.0;
				TARGETED_DEVICE_FAMILY = "1,2";
			};
			name = Release;
		};
/* End XCBuildConfiguration section */

/* Begin XCConfigurationList section */
		84F67C5724DEBE7A0070EA8E /* Build configuration list for PBXProject "FitnessApp" */ = {
			isa = XCConfigurationList;
			buildConfigurations = (
				84F67C6924DEBE7D0070EA8E /* Debug */,
				84F67C6A24DEBE7D0070EA8E /* Release */,
			);
			defaultConfigurationIsVisible = 0;
			defaultConfigurationName = Release;
		};
		84F67C6B24DEBE7D0070EA8E /* Build configuration list for PBXNativeTarget "FitnessApp" */ = {
			isa = XCConfigurationList;
			buildConfigurations = (
				84F67C6C24DEBE7D0070EA8E /* Debug */,
				84F67C6D24DEBE7D0070EA8E /* Release */,
			);
			defaultConfigurationIsVisible = 0;
			defaultConfigurationName = Release;
		};
/* End XCConfigurationList section */
	};
	rootObject = 84F67C5424DEBE7A0070EA8E /* Project object */;
}
